
Microsoft Visual Studio Solution File, Format Version 12.00
# Visual Studio Version 17
VisualStudioVersion = 17.10.34928.147
MinimumVisualStudioVersion = 10.0.40219.1
Project("{9A19103F-16F7-4668-BE54-9A1E7A4F7556}") = "Daniel Bastardo Reto CS nivel 2 refuerzo", "Daniel Bastardo Reto CS nivel 2 refuerzo\Daniel Bastardo Reto CS nivel 2 refuerzo.csproj", "{2E2CFB65-FB7E-4175-A42D-ED400B13710F}"
EndProject
Project("{FAE04EC0-301F-11D3-BF4B-00C04F79EFBC}") = "calculadora de calificaciones", "calculadora de calificaciones\calculadora de calificaciones.csproj", "{0089FA23-080C-4F7A-9D3D-B048870A1A39}"
EndProject
Project("{FAE04EC0-301F-11D3-BF4B-00C04F79EFBC}") = "loteria de numero", "loteria de numero\loteria de numero.csproj", "{EE2455EF-41B5-4CB8-B658-D4F9A3CA1C29}"
EndProject
Global
	GlobalSection(SolutionConfigurationPlatforms) = preSolution
		Debug|Any CPU = Debug|Any CPU
		Release|Any CPU = Release|Any CPU
	EndGlobalSection
	GlobalSection(ProjectConfigurationPlatforms) = postSolution
		{2E2CFB65-FB7E-4175-A42D-ED400B13710F}.Debug|Any CPU.ActiveCfg = Debug|Any CPU
		{2E2CFB65-FB7E-4175-A42D-ED400B13710F}.Debug|Any CPU.Build.0 = Debug|Any CPU
		{2E2CFB65-FB7E-4175-A42D-ED400B13710F}.Release|Any CPU.ActiveCfg = Release|Any CPU
		{2E2CFB65-FB7E-4175-A42D-ED400B13710F}.Release|Any CPU.Build.0 = Release|Any CPU
		{0089FA23-080C-4F7A-9D3D-B048870A1A39}.Debug|Any CPU.ActiveCfg = Debug|Any CPU
		{0089FA23-080C-4F7A-9D3D-B048870A1A39}.Debug|Any CPU.Build.0 = Debug|Any CPU
		{0089FA23-080C-4F7A-9D3D-B048870A1A39}.Release|Any CPU.ActiveCfg = Release|Any CPU
		{0089FA23-080C-4F7A-9D3D-B048870A1A39}.Release|Any CPU.Build.0 = Release|Any CPU
		{EE2455EF-41B5-4CB8-B658-D4F9A3CA1C29}.Debug|Any CPU.ActiveCfg = Debug|Any CPU
		{EE2455EF-41B5-4CB8-B658-D4F9A3CA1C29}.Debug|Any CPU.Build.0 = Debug|Any CPU
		{EE2455EF-41B5-4CB8-B658-D4F9A3CA1C29}.Release|Any CPU.ActiveCfg = Release|Any CPU
		{EE2455EF-41B5-4CB8-B658-D4F9A3CA1C29}.Release|Any CPU.Build.0 = Release|Any CPU
	EndGlobalSection
	GlobalSection(SolutionProperties) = preSolution
		HideSolutionNode = FALSE
	EndGlobalSection
	GlobalSection(ExtensibilityGlobals) = postSolution
		SolutionGuid = {5DB4C2D1-A4A8-4541-B8B5-09137648EDF5}
	EndGlobalSection
EndGlobal
